
Microsoft Visual Studio Solution File, Format Version 12.00
# Visual Studio Version 16
VisualStudioVersion = 16.0.31624.102
MinimumVisualStudioVersion = 10.0.40219.1
Project("{FAE04EC0-301F-11D3-BF4B-00C04F79EFBC}") = "lab01", "lab01\lab01.csproj", "{731EE080-1E6D-41FB-8F6A-AB2E6DEDDAAD}"
EndProject
Global
	GlobalSection(SolutionConfigurationPlatforms) = preSolution
		Debug|Any CPU = Debug|Any CPU
		Release|Any CPU = Release|Any CPU
	EndGlobalSection
	GlobalSection(ProjectConfigurationPlatforms) = postSolution
		{731EE080-1E6D-41FB-8F6A-AB2E6DEDDAAD}.Debug|Any CPU.ActiveCfg = Debug|Any CPU
		{731EE080-1E6D-41FB-8F6A-AB2E6DEDDAAD}.Debug|Any CPU.Build.0 = Debug|Any CPU
		{731EE080-1E6D-41FB-8F6A-AB2E6DEDDAAD}.Release|Any CPU.ActiveCfg = Release|Any CPU
		{731EE080-1E6D-41FB-8F6A-AB2E6DEDDAAD}.Release|Any CPU.Build.0 = Release|Any CPU
	EndGlobalSection
	GlobalSection(SolutionProperties) = preSolution
		HideSolutionNode = FALSE
	EndGlobalSection
	GlobalSection(ExtensibilityGlobals) = postSolution
		SolutionGuid = {A2A6BC74-DF9A-42A9-8002-3B7C0D1272A1}
	EndGlobalSection
EndGlobal
